
Microsoft Visual Studio Solution File, Format Version 12.00
# Visual Studio Version 17
VisualStudioVersion = 17.3.32811.315
MinimumVisualStudioVersion = 10.0.40219.1
Project("{FAE04EC0-301F-11D3-BF4B-00C04F79EFBC}") = "RazorPagesMovie", "RazorPagesMovie\RazorPagesMovie.csproj", "{4D50EB0F-D3D0-4AB4-9EF4-9E7134F7E319}"
EndProject
Global
	GlobalSection(SolutionConfigurationPlatforms) = preSolution
		Debug|Any CPU = Debug|Any CPU
		Release|Any CPU = Release|Any CPU
	EndGlobalSection
	GlobalSection(ProjectConfigurationPlatforms) = postSolution
		{4D50EB0F-D3D0-4AB4-9EF4-9E7134F7E319}.Debug|Any CPU.ActiveCfg = Debug|Any CPU
		{4D50EB0F-D3D0-4AB4-9EF4-9E7134F7E319}.Debug|Any CPU.Build.0 = Debug|Any CPU
		{4D50EB0F-D3D0-4AB4-9EF4-9E7134F7E319}.Release|Any CPU.ActiveCfg = Release|Any CPU
		{4D50EB0F-D3D0-4AB4-9EF4-9E7134F7E319}.Release|Any CPU.Build.0 = Release|Any CPU
	EndGlobalSection
	GlobalSection(SolutionProperties) = preSolution
		HideSolutionNode = FALSE
	EndGlobalSection
	GlobalSection(ExtensibilityGlobals) = postSolution
		SolutionGuid = {7F9E0493-B49D-47ED-AC88-75DB73F74449}
	EndGlobalSection
EndGlobal
